{
    "name": "nengi",
    "version": "1.8.0",
    "lockfileVersion": 1,
    "requires": true,
    "dependencies": {
        "@clusterws/cws": {
            "version": "0.14.0",
            "resolved": "https://registry.npmjs.org/@clusterws/cws/-/cws-0.14.0.tgz",
            "integrity": "sha512-knZj3KZNHIAGsX7TUc/0Q5gcx2bKMMcTPsAOZomLKdK5a4o/umKFlttWRH84Yr1nVlQy+UMO23qfDR8gRZ/4cw=="
        },
        "utf8": {
            "version": "3.0.0",
            "resolved": "https://registry.npmjs.org/utf8/-/utf8-3.0.0.tgz",
            "integrity": "sha512-E8VjFIQ/TyQgp+TZfS6l8yp/xWppSAHzidGiRrqe4bK4XP9pTRyKFgGJpO3SN7zdX4DeomTrwaseCHovfpFcqQ=="
        }
    }
}
